
Microsoft Visual Studio Solution File, Format Version 12.00
# Visual Studio Version 16
VisualStudioVersion = 16.0.29519.181
MinimumVisualStudioVersion = 10.0.40219.1
Project("{FAE04EC0-301F-11D3-BF4B-00C04F79EFBC}") = "BookListRazor", "BookListRazor\BookListRazor.csproj", "{210FA211-943D-4BCF-B5EC-99FD31A83E50}"
EndProject
Global
	GlobalSection(SolutionConfigurationPlatforms) = preSolution
		Debug|Any CPU = Debug|Any CPU
		Release|Any CPU = Release|Any CPU
	EndGlobalSection
	GlobalSection(ProjectConfigurationPlatforms) = postSolution
		{210FA211-943D-4BCF-B5EC-99FD31A83E50}.Debug|Any CPU.ActiveCfg = Debug|Any CPU
		{210FA211-943D-4BCF-B5EC-99FD31A83E50}.Debug|Any CPU.Build.0 = Debug|Any CPU
		{210FA211-943D-4BCF-B5EC-99FD31A83E50}.Release|Any CPU.ActiveCfg = Release|Any CPU
		{210FA211-943D-4BCF-B5EC-99FD31A83E50}.Release|Any CPU.Build.0 = Release|Any CPU
	EndGlobalSection
	GlobalSection(SolutionProperties) = preSolution
		HideSolutionNode = FALSE
	EndGlobalSection
	GlobalSection(ExtensibilityGlobals) = postSolution
		SolutionGuid = {7B3F5749-C1F9-4932-92C1-BF2667B50AD8}
	EndGlobalSection
EndGlobal
